
Microsoft Visual Studio Solution File, Format Version 12.00
# Visual Studio 2012
Project("{8BC9CEB8-8B4A-11D0-8D11-00A0C91BC942}") = "Platformer of epicness", "Platformer of epicness\Platformer of epicness.vcxproj", "{A1A9F6A7-87AA-45CF-9CB6-2F60B461C4F8}"
EndProject
Global
	GlobalSection(SolutionConfigurationPlatforms) = preSolution
		Debug|Win32 = Debug|Win32
		Release|Win32 = Release|Win32
	EndGlobalSection
	GlobalSection(ProjectConfigurationPlatforms) = postSolution
		{A1A9F6A7-87AA-45CF-9CB6-2F60B461C4F8}.Debug|Win32.ActiveCfg = Debug|Win32
		{A1A9F6A7-87AA-45CF-9CB6-2F60B461C4F8}.Debug|Win32.Build.0 = Debug|Win32
		{A1A9F6A7-87AA-45CF-9CB6-2F60B461C4F8}.Release|Win32.ActiveCfg = Release|Win32
		{A1A9F6A7-87AA-45CF-9CB6-2F60B461C4F8}.Release|Win32.Build.0 = Release|Win32
	EndGlobalSection
	GlobalSection(SolutionProperties) = preSolution
		HideSolutionNode = FALSE
	EndGlobalSection
EndGlobal
