<?xml version="1.0" encoding="utf-8"?>
<Project ToolsVersion="4.0" xmlns="http://schemas.microsoft.com/developer/msbuild/2003">
  <ItemGroup>
    <Filter Include="Source Files">
      <UniqueIdentifier>{4FC737F1-C7A5-4376-A066-2A32D752A2FF}</UniqueIdentifier>
      <Extensions>cpp;c;cc;cxx;def;odl;idl;hpj;bat;asm;asmx</Extensions>
    </Filter>
    <Filter Include="Header Files">
      <UniqueIdentifier>{93995380-89BD-4b04-88EB-625FBE52EBFB}</UniqueIdentifier>
      <Extensions>h;hpp;hxx;hm;inl;inc;xsd</Extensions>
    </Filter>
    <Filter Include="Resource Files">
      <UniqueIdentifier>{67DA6AB6-F800-4c08-8B7A-83BB121AAD01}</UniqueIdentifier>
      <Extensions>rc;ico;cur;bmp;dlg;rc2;rct;bin;rgs;gif;jpg;jpeg;jpe;resx;tiff;tif;png;wav;mfcribbon-ms</Extensions>
    </Filter>
    <Filter Include="Source Files\managers">
      <UniqueIdentifier>{1d3cd97e-43d1-4ba9-8257-9c93a927966e}</UniqueIdentifier>
    </Filter>
    <Filter Include="Header Files\managers">
      <UniqueIdentifier>{35a92fb9-28c1-4ff5-8f36-df275005e113}</UniqueIdentifier>
    </Filter>
    <Filter Include="Header Files\screens">
      <UniqueIdentifier>{5c89c436-ac20-4898-999f-469fc9126e27}</UniqueIdentifier>
    </Filter>
    <Filter Include="Source Files\screens">
      <UniqueIdentifier>{b4a34a69-41f7-4cf1-bcff-bbfb2de5cb00}</UniqueIdentifier>
    </Filter>
    <Filter Include="Header Files\Entity">
      <UniqueIdentifier>{b7ee8d8f-a7ef-48d7-a9ba-035acf4b80cd}</UniqueIdentifier>
    </Filter>
    <Filter Include="Header Files\Entity\Abstract">
      <UniqueIdentifier>{5f8988f5-5816-43dc-8342-1298658d7468}</UniqueIdentifier>
    </Filter>
    <Filter Include="Header Files\screens\Abstract">
      <UniqueIdentifier>{07ea85a5-8207-43e8-841c-88c68a2b2355}</UniqueIdentifier>
    </Filter>
    <Filter Include="Source Files\Entity">
      <UniqueIdentifier>{22754868-7d3d-4707-abac-ecaf45dceaba}</UniqueIdentifier>
    </Filter>
    <Filter Include="Source Files\Entity\Abstract">
      <UniqueIdentifier>{dd9bc6bc-1d4d-4526-9076-400b48fc7f9b}</UniqueIdentifier>
    </Filter>
    <Filter Include="Source Files\Representation">
      <UniqueIdentifier>{de0da442-09f1-4a3c-af73-6064817f7572}</UniqueIdentifier>
    </Filter>
    <Filter Include="Source Files\Representation\Abstract">
      <UniqueIdentifier>{88ef4bff-a348-4854-9b08-5f875d71fab5}</UniqueIdentifier>
    </Filter>
    <Filter Include="Source Files\screens\Abstract">
      <UniqueIdentifier>{cf498637-2d41-401a-bbb1-c0352424a021}</UniqueIdentifier>
    </Filter>
    <Filter Include="Source Files\Representation\EntityRepresentation">
      <UniqueIdentifier>{a13a6a17-c2f1-46d8-a8eb-5f059c1ad07e}</UniqueIdentifier>
    </Filter>
    <Filter Include="Source Files\Representation\layering">
      <UniqueIdentifier>{9aebc3ea-4941-4666-91a5-77c69523e3e9}</UniqueIdentifier>
    </Filter>
    <Filter Include="Header Files\Representation">
      <UniqueIdentifier>{85343db4-e5c7-4194-82e5-6c9dd160fadc}</UniqueIdentifier>
    </Filter>
    <Filter Include="Header Files\Representation\Abstract">
      <UniqueIdentifier>{74d09525-af96-4ceb-bba7-28c7c7b0027f}</UniqueIdentifier>
    </Filter>
    <Filter Include="Header Files\Representation\Layering">
      <UniqueIdentifier>{80e41120-839c-4774-ba0b-9dab849e69ca}</UniqueIdentifier>
    </Filter>
    <Filter Include="Header Files\Representation\EntityRepresentation">
      <UniqueIdentifier>{d18347a0-241a-431a-a0c6-35ef41e2c2f5}</UniqueIdentifier>
    </Filter>
    <Filter Include="Header Files\Controllers">
      <UniqueIdentifier>{e1553c2d-bbfd-4026-80b1-3931f14f0700}</UniqueIdentifier>
    </Filter>
    <Filter Include="Source Files\Controllers">
      <UniqueIdentifier>{9fd193ee-7af4-4f1b-8907-5191334bd9f9}</UniqueIdentifier>
    </Filter>
    <Filter Include="Header Files\Controllers\Abstract">
      <UniqueIdentifier>{eee1f41b-6d46-48da-a271-8dc71d89e771}</UniqueIdentifier>
    </Filter>
    <Filter Include="Source Files\Controllers\Abstract">
      <UniqueIdentifier>{2dcbabee-4139-470e-b7c6-6d8c869052b2}</UniqueIdentifier>
    </Filter>
    <Filter Include="Header Files\Loaders">
      <UniqueIdentifier>{820ce0ce-5faa-4e5a-b876-d49c917dd747}</UniqueIdentifier>
    </Filter>
    <Filter Include="Source Files\Loaders">
      <UniqueIdentifier>{dd4b38e1-e25b-466f-9824-fc6d7a30ecae}</UniqueIdentifier>
    </Filter>
    <Filter Include="Source Files\Util">
      <UniqueIdentifier>{ff7bb42c-c8b4-464d-84f1-d514e7507ea9}</UniqueIdentifier>
    </Filter>
    <Filter Include="Header Files\Util">
      <UniqueIdentifier>{ad2d7f4e-50fa-4e97-b233-e46f375c8de5}</UniqueIdentifier>
    </Filter>
  </ItemGroup>
  <ItemGroup>
    <ClCompile Include="main.cpp">
      <Filter>Source Files</Filter>
    </ClCompile>
    <ClCompile Include="Game.cpp">
      <Filter>Source Files</Filter>
    </ClCompile>
    <ClCompile Include="ScreenManager.cpp">
      <Filter>Source Files\managers</Filter>
    </ClCompile>
    <ClCompile Include="Layer.cpp">
      <Filter>Source Files\Representation\Abstract</Filter>
    </ClCompile>
    <ClCompile Include="Entity.cpp">
      <Filter>Source Files\Entity\Abstract</Filter>
    </ClCompile>
    <ClCompile Include="EntityRepresentation.cpp">
      <Filter>Source Files\Representation\Abstract</Filter>
    </ClCompile>
    <ClCompile Include="GameScreen.cpp">
      <Filter>Source Files\screens</Filter>
    </ClCompile>
    <ClCompile Include="Screen.cpp">
      <Filter>Source Files\screens\Abstract</Filter>
    </ClCompile>
    <ClCompile Include="Scene.cpp">
      <Filter>Source Files</Filter>
    </ClCompile>
    <ClCompile Include="PlayerEntity.cpp">
      <Filter>Source Files\Entity</Filter>
    </ClCompile>
    <ClCompile Include="PlayerRepresentation.cpp">
      <Filter>Source Files\Representation\EntityRepresentation</Filter>
    </ClCompile>
    <ClCompile Include="UIlayer.cpp">
      <Filter>Source Files\Representation\layering</Filter>
    </ClCompile>
    <ClCompile Include="StaticLayer.cpp">
      <Filter>Source Files\Representation\layering</Filter>
    </ClCompile>
    <ClCompile Include="DynamicLayer.cpp">
      <Filter>Source Files\Representation\layering</Filter>
    </ClCompile>
    <ClCompile Include="Controller.cpp">
      <Filter>Source Files\Controllers\Abstract</Filter>
    </ClCompile>
    <ClCompile Include="playerController.cpp">
      <Filter>Source Files\Controllers</Filter>
    </ClCompile>
    <ClCompile Include="MovableEntity.cpp">
      <Filter>Source Files\Entity\Abstract</Filter>
    </ClCompile>
    <ClCompile Include="SoundManager.cpp">
      <Filter>Source Files\managers</Filter>
    </ClCompile>
    <ClCompile Include="TextureManager.cpp">
      <Filter>Source Files\managers</Filter>
    </ClCompile>
    <ClCompile Include="MapLoader.cpp">
      <Filter>Source Files\Loaders</Filter>
    </ClCompile>
    <ClCompile Include="ResourceLoader.cpp">
      <Filter>Source Files\Loaders</Filter>
    </ClCompile>
    <ClCompile Include="Animator.cpp">
      <Filter>Source Files\Util</Filter>
    </ClCompile>
    <ClCompile Include="ChunkEntity.cpp">
      <Filter>Source Files\Entity</Filter>
    </ClCompile>
    <ClCompile Include="ChunkRepresentation.cpp">
      <Filter>Source Files\Representation\EntityRepresentation</Filter>
    </ClCompile>
    <ClCompile Include="VertexPoint.cpp">
      <Filter>Source Files\Util</Filter>
    </ClCompile>
    <ClCompile Include="TileEntity.cpp">
      <Filter>Source Files\Entity</Filter>
    </ClCompile>
    <ClCompile Include="TileRepresentation.cpp">
      <Filter>Source Files\Representation\EntityRepresentation</Filter>
    </ClCompile>
  </ItemGroup>
  <ItemGroup>
    <ClInclude Include="Game.hpp">
      <Filter>Header Files</Filter>
    </ClInclude>
    <ClInclude Include="ScreenManager.hpp">
      <Filter>Header Files\managers</Filter>
    </ClInclude>
    <ClInclude Include="Screen.hpp">
      <Filter>Header Files\screens\Abstract</Filter>
    </ClInclude>
    <ClInclude Include="Layer.hpp">
      <Filter>Header Files\Representation\Abstract</Filter>
    </ClInclude>
    <ClInclude Include="Entity.hpp">
      <Filter>Header Files\Entity\Abstract</Filter>
    </ClInclude>
    <ClInclude Include="EntityRepresentation.hpp">
      <Filter>Header Files\Representation\Abstract</Filter>
    </ClInclude>
    <ClInclude Include="Scene.hpp">
      <Filter>Header Files</Filter>
    </ClInclude>
    <ClInclude Include="PlayerEntity.hpp">
      <Filter>Header Files\Entity</Filter>
    </ClInclude>
    <ClInclude Include="PlayerRepresentation.hpp">
      <Filter>Header Files\Representation\EntityRepresentation</Filter>
    </ClInclude>
    <ClInclude Include="UIlayer.hpp">
      <Filter>Header Files\Representation\Layering</Filter>
    </ClInclude>
    <ClInclude Include="StaticLayer.hpp">
      <Filter>Header Files\Representation\Layering</Filter>
    </ClInclude>
    <ClInclude Include="DynamicLayer.hpp">
      <Filter>Header Files\Representation\Layering</Filter>
    </ClInclude>
    <ClInclude Include="Controller.hpp">
      <Filter>Header Files\Controllers\Abstract</Filter>
    </ClInclude>
    <ClInclude Include="playerController.hpp">
      <Filter>Header Files\Controllers</Filter>
    </ClInclude>
    <ClInclude Include="MovableEntity.hpp">
      <Filter>Header Files\Entity\Abstract</Filter>
    </ClInclude>
    <ClInclude Include="TextureManager.hpp">
      <Filter>Header Files\managers</Filter>
    </ClInclude>
    <ClInclude Include="SoundManager.hpp">
      <Filter>Header Files\managers</Filter>
    </ClInclude>
    <ClInclude Include="MapLoader.hpp">
      <Filter>Header Files\Loaders</Filter>
    </ClInclude>
    <ClInclude Include="ResourceLoader.hpp">
      <Filter>Header Files\Loaders</Filter>
    </ClInclude>
    <ClInclude Include="Animator.hpp">
      <Filter>Header Files\Util</Filter>
    </ClInclude>
    <ClInclude Include="GameScreen.hpp">
      <Filter>Header Files\screens</Filter>
    </ClInclude>
    <ClInclude Include="rapidxml.hpp">
      <Filter>Header Files\Util</Filter>
    </ClInclude>
    <ClInclude Include="rapidxml_iterators.hpp">
      <Filter>Header Files\Util</Filter>
    </ClInclude>
    <ClInclude Include="rapidxml_print.hpp">
      <Filter>Header Files\Util</Filter>
    </ClInclude>
    <ClInclude Include="rapidxml_utils.hpp">
      <Filter>Header Files\Util</Filter>
    </ClInclude>
    <ClInclude Include="ChunkEntity.hpp">
      <Filter>Header Files\Entity</Filter>
    </ClInclude>
    <ClInclude Include="ChunkRepresentation.hpp">
      <Filter>Header Files\Representation\EntityRepresentation</Filter>
    </ClInclude>
    <ClInclude Include="VertexPoint.hpp">
      <Filter>Header Files\Util</Filter>
    </ClInclude>
    <ClInclude Include="TileEntity.hpp">
      <Filter>Header Files\Entity</Filter>
    </ClInclude>
    <ClInclude Include="TileRepresentation.hpp">
      <Filter>Header Files\Representation\EntityRepresentation</Filter>
    </ClInclude>
  </ItemGroup>
</Project>